
Microsoft Visual Studio Solution File, Format Version 12.00
# Visual Studio Version 17
VisualStudioVersion = 17.7.34031.279
MinimumVisualStudioVersion = 10.0.40219.1
Project("{FAE04EC0-301F-11D3-BF4B-00C04F79EFBC}") = "U4_Practica-3-Arduino", "U4_Practica-3-Arduino.csproj", "{D52E708A-FDDE-411A-A355-0E8BDCD1EF03}"
EndProject
Global
	GlobalSection(SolutionConfigurationPlatforms) = preSolution
		Debug|Any CPU = Debug|Any CPU
		Release|Any CPU = Release|Any CPU
	EndGlobalSection
	GlobalSection(ProjectConfigurationPlatforms) = postSolution
		{D52E708A-FDDE-411A-A355-0E8BDCD1EF03}.Debug|Any CPU.ActiveCfg = Debug|Any CPU
		{D52E708A-FDDE-411A-A355-0E8BDCD1EF03}.Debug|Any CPU.Build.0 = Debug|Any CPU
		{D52E708A-FDDE-411A-A355-0E8BDCD1EF03}.Release|Any CPU.ActiveCfg = Release|Any CPU
		{D52E708A-FDDE-411A-A355-0E8BDCD1EF03}.Release|Any CPU.Build.0 = Release|Any CPU
	EndGlobalSection
	GlobalSection(SolutionProperties) = preSolution
		HideSolutionNode = FALSE
	EndGlobalSection
	GlobalSection(ExtensibilityGlobals) = postSolution
		SolutionGuid = {5F1A4FDC-A13D-4A0C-BB37-6665D8E0A57C}
	EndGlobalSection
EndGlobal
